
Microsoft Visual Studio Solution File, Format Version 12.00
# Visual Studio 14
VisualStudioVersion = 14.0.25420.1
MinimumVisualStudioVersion = 10.0.40219.1
Project("{FAE04EC0-301F-11D3-BF4B-00C04F79EFBC}") = "edu-steg-lab5-routing-listener", "edu-steg-lab5-routing-listener\edu-steg-lab5-routing-listener.csproj", "{ADD3377C-903F-4C10-A824-D806619BDD2D}"
EndProject
Global
	GlobalSection(SolutionConfigurationPlatforms) = preSolution
		Debug|Any CPU = Debug|Any CPU
		Release|Any CPU = Release|Any CPU
	EndGlobalSection
	GlobalSection(ProjectConfigurationPlatforms) = postSolution
		{ADD3377C-903F-4C10-A824-D806619BDD2D}.Debug|Any CPU.ActiveCfg = Debug|Any CPU
		{ADD3377C-903F-4C10-A824-D806619BDD2D}.Debug|Any CPU.Build.0 = Debug|Any CPU
		{ADD3377C-903F-4C10-A824-D806619BDD2D}.Release|Any CPU.ActiveCfg = Release|Any CPU
		{ADD3377C-903F-4C10-A824-D806619BDD2D}.Release|Any CPU.Build.0 = Release|Any CPU
	EndGlobalSection
	GlobalSection(SolutionProperties) = preSolution
		HideSolutionNode = FALSE
	EndGlobalSection
EndGlobal
